
Microsoft Visual Studio Solution File, Format Version 12.00
# Visual Studio Version 17
VisualStudioVersion = 17.14.36212.18 d17.14
MinimumVisualStudioVersion = 10.0.40219.1
Project("{FAE04EC0-301F-11D3-BF4B-00C04F79EFBC}") = "0107", "0107\0107.csproj", "{DA18CDA0-DF66-4BB8-B002-ACE0B3DB5E69}"
EndProject
Global
	GlobalSection(SolutionConfigurationPlatforms) = preSolution
		Debug|Any CPU = Debug|Any CPU
		Release|Any CPU = Release|Any CPU
	EndGlobalSection
	GlobalSection(ProjectConfigurationPlatforms) = postSolution
		{DA18CDA0-DF66-4BB8-B002-ACE0B3DB5E69}.Debug|Any CPU.ActiveCfg = Debug|Any CPU
		{DA18CDA0-DF66-4BB8-B002-ACE0B3DB5E69}.Debug|Any CPU.Build.0 = Debug|Any CPU
		{DA18CDA0-DF66-4BB8-B002-ACE0B3DB5E69}.Release|Any CPU.ActiveCfg = Release|Any CPU
		{DA18CDA0-DF66-4BB8-B002-ACE0B3DB5E69}.Release|Any CPU.Build.0 = Release|Any CPU
	EndGlobalSection
	GlobalSection(SolutionProperties) = preSolution
		HideSolutionNode = FALSE
	EndGlobalSection
	GlobalSection(ExtensibilityGlobals) = postSolution
		SolutionGuid = {C679AC22-E042-4A19-9619-31575A589CAC}
	EndGlobalSection
EndGlobal
